
Microsoft Visual Studio Solution File, Format Version 12.00
# Visual Studio Version 16
VisualStudioVersion = 16.0.33927.289
MinimumVisualStudioVersion = 10.0.40219.1
Project("{8BC9CEB8-8B4A-11D0-8D11-00A0C91BC942}") = "Gamma", "Gamma.vcxproj", "{5AA7E5EE-33EF-4545-A3FE-46F32C7B6F3D}"
EndProject
Global
	GlobalSection(SolutionConfigurationPlatforms) = preSolution
		Debug|x64 = Debug|x64
		Debug|x86 = Debug|x86
		Release|x64 = Release|x64
		Release|x86 = Release|x86
	EndGlobalSection
	GlobalSection(ProjectConfigurationPlatforms) = postSolution
		{5AA7E5EE-33EF-4545-A3FE-46F32C7B6F3D}.Debug|x64.ActiveCfg = Debug|x64
		{5AA7E5EE-33EF-4545-A3FE-46F32C7B6F3D}.Debug|x64.Build.0 = Debug|x64
		{5AA7E5EE-33EF-4545-A3FE-46F32C7B6F3D}.Debug|x86.ActiveCfg = Debug|Win32
		{5AA7E5EE-33EF-4545-A3FE-46F32C7B6F3D}.Debug|x86.Build.0 = Debug|Win32
		{5AA7E5EE-33EF-4545-A3FE-46F32C7B6F3D}.Release|x64.ActiveCfg = Release|x64
		{5AA7E5EE-33EF-4545-A3FE-46F32C7B6F3D}.Release|x64.Build.0 = Release|x64
		{5AA7E5EE-33EF-4545-A3FE-46F32C7B6F3D}.Release|x86.ActiveCfg = Release|Win32
		{5AA7E5EE-33EF-4545-A3FE-46F32C7B6F3D}.Release|x86.Build.0 = Release|Win32
	EndGlobalSection
	GlobalSection(SolutionProperties) = preSolution
		HideSolutionNode = FALSE
	EndGlobalSection
	GlobalSection(ExtensibilityGlobals) = postSolution
		SolutionGuid = {11EE3E0B-4455-40F4-AFFC-34B68E33EA1C}
	EndGlobalSection
EndGlobal
